// !$*UTF8*$!
{
	archiveVersion = 1;
	classes = {
	};
	objectVersion = 46;
	objects = {

/* Begin PBXBuildFile section */
		589458641DD098F60092037A /* main.m in Sources */ = {isa = PBXBuildFile; fileRef = 589458631DD098F60092037A /* main.m */; };
		589458671DD098F60092037A /* AppDelegate.m in Sources */ = {isa = PBXBuildFile; fileRef = 589458661DD098F60092037A /* AppDelegate.m */; };
		5894586A1DD098F60092037A /* ViewController.m in Sources */ = {isa = PBXBuildFile; fileRef = 589458691DD098F60092037A /* ViewController.m */; };
		5894586D1DD098F60092037A /* Main.storyboard in Resources */ = {isa = PBXBuildFile; fileRef = 5894586B1DD098F60092037A /* Main.storyboard */; };
		5894586F1DD098F60092037A /* Assets.xcassets in Resources */ = {isa = PBXBuildFile; fileRef = 5894586E1DD098F60092037A /* Assets.xcassets */; };
		589458721DD098F60092037A /* LaunchScreen.storyboard in Resources */ = {isa = PBXBuildFile; fileRef = 589458701DD098F60092037A /* LaunchScreen.storyboard */; };
		5894587B1DD099040092037A /* SSRedBackBtn.m in Sources */ = {isa = PBXBuildFile; fileRef = 5894587A1DD099040092037A /* SSRedBackBtn.m */; };
/* End PBXBuildFile section */

/* Begin PBXFileReference section */
		5894585F1DD098F60092037A /* SSRedBackBtnDemo.app */ = {isa = PBXFileReference; explicitFileType = wrapper.application; includeInIndex = 0; path = SSRedBackBtnDemo.app; sourceTree = BUILT_PRODUCTS_DIR; };
		589458631DD098F60092037A /* main.m */ = {isa = PBXFileReference; lastKnownFileType = sourcecode.c.objc; path = main.m; sourceTree = "<group>"; };
		589458651DD098F60092037A /* AppDelegate.h */ = {isa = PBXFileReference; lastKnownFileType = sourcecode.c.h; path = AppDelegate.h; sourceTree = "<group>"; };
		589458661DD098F60092037A /* AppDelegate.m */ = {isa = PBXFileReference; lastKnownFileType = sourcecode.c.objc; path = AppDelegate.m; sourceTree = "<group>"; };
		589458681DD098F60092037A /* ViewController.h */ = {isa = PBXFileReference; lastKnownFileType = sourcecode.c.h; path = ViewController.h; sourceTree = "<group>"; };
		589458691DD098F60092037A /* ViewController.m */ = {isa = PBXFileReference; lastKnownFileType = sourcecode.c.objc; path = ViewController.m; sourceTree = "<group>"; };
		5894586C1DD098F60092037A /* Base */ = {isa = PBXFileReference; lastKnownFileType = file.storyboard; name = Base; path = Base.lproj/Main.storyboard; sourceTree = "<group>"; };
		5894586E1DD098F60092037A /* Assets.xcassets */ = {isa = PBXFileReference; lastKnownFileType = folder.assetcatalog; path = Assets.xcassets; sourceTree = "<group>"; };
		589458711DD098F60092037A /* Base */ = {isa = PBXFileReference; lastKnownFileType = file.storyboard; name = Base; path = Base.lproj/LaunchScreen.storyboard; sourceTree = "<group>"; };
		589458731DD098F60092037A /* Info.plist */ = {isa = PBXFileReference; lastKnownFileType = text.plist.xml; path = Info.plist; sourceTree = "<group>"; };
		589458791DD099040092037A /* SSRedBackBtn.h */ = {isa = PBXFileReference; fileEncoding = 4; lastKnownFileType = sourcecode.c.h; path = SSRedBackBtn.h; sourceTree = "<group>"; };
		5894587A1DD099040092037A /* SSRedBackBtn.m */ = {isa = PBXFileReference; fileEncoding = 4; lastKnownFileType = sourcecode.c.objc; path = SSRedBackBtn.m; sourceTree = "<group>"; };
/* End PBXFileReference section */

/* Begin PBXFrameworksBuildPhase section */
		5894585C1DD098F60092037A /* Frameworks */ = {
			isa = PBXFrameworksBuildPhase;
			buildActionMask = 2147483647;
			files = (
			);
			runOnlyForDeploymentPostprocessing = 0;
		};
/* End PBXFrameworksBuildPhase section */

/* Begin PBXGroup section */
		589458561DD098F60092037A = {
			isa = PBXGroup;
			children = (
				589458791DD099040092037A /* SSRedBackBtn.h */,
				5894587A1DD099040092037A /* SSRedBackBtn.m */,
				589458611DD098F60092037A /* SSRedBackBtnDemo */,
				589458601DD098F60092037A /* Products */,
			);
			sourceTree = "<group>";
		};
		589458601DD098F60092037A /* Products */ = {
			isa = PBXGroup;
			children = (
				5894585F1DD098F60092037A /* SSRedBackBtnDemo.app */,
			);
			name = Products;
			sourceTree = "<group>";
		};
		589458611DD098F60092037A /* SSRedBackBtnDemo */ = {
			isa = PBXGroup;
			children = (
				589458651DD098F60092037A /* AppDelegate.h */,
				589458661DD098F60092037A /* AppDelegate.m */,
				589458681DD098F60092037A /* ViewController.h */,
				589458691DD098F60092037A /* ViewController.m */,
				5894586B1DD098F60092037A /* Main.storyboard */,
				5894586E1DD098F60092037A /* Assets.xcassets */,
				589458701DD098F60092037A /* LaunchScreen.storyboard */,
				589458731DD098F60092037A /* Info.plist */,
				589458621DD098F60092037A /* Supporting Files */,
			);
			path = SSRedBackBtnDemo;
			sourceTree = "<group>";
		};
		589458621DD098F60092037A /* Supporting Files */ = {
			isa = PBXGroup;
			children = (
				589458631DD098F60092037A /* main.m */,
			);
			name = "Supporting Files";
			sourceTree = "<group>";
		};
/* End PBXGroup section */

/* Begin PBXNativeTarget section */
		5894585E1DD098F60092037A /* SSRedBackBtnDemo */ = {
			isa = PBXNativeTarget;
			buildConfigurationList = 589458761DD098F60092037A /* Build configuration list for PBXNativeTarget "SSRedBackBtnDemo" */;
			buildPhases = (
				5894585B1DD098F60092037A /* Sources */,
				5894585C1DD098F60092037A /* Frameworks */,
				5894585D1DD098F60092037A /* Resources */,
			);
			buildRules = (
			);
			dependencies = (
			);
			name = SSRedBackBtnDemo;
			productName = SSRedBackBtnDemo;
			productReference = 5894585F1DD098F60092037A /* SSRedBackBtnDemo.app */;
			productType = "com.apple.product-type.application";
		};
/* End PBXNativeTarget section */

/* Begin PBXProject section */
		589458571DD098F60092037A /* Project object */ = {
			isa = PBXProject;
			attributes = {
				LastUpgradeCheck = 0800;
				ORGANIZATIONNAME = BFMXYJ;
				TargetAttributes = {
					5894585E1DD098F60092037A = {
						CreatedOnToolsVersion = 8.0;
						ProvisioningStyle = Automatic;
					};
				};
			};
			buildConfigurationList = 5894585A1DD098F60092037A /* Build configuration list for PBXProject "SSRedBackBtnDemo" */;
			compatibilityVersion = "Xcode 3.2";
			developmentRegion = English;
			hasScannedForEncodings = 0;
			knownRegions = (
				en,
				Base,
			);
			mainGroup = 589458561DD098F60092037A;
			productRefGroup = 589458601DD098F60092037A /* Products */;
			projectDirPath = "";
			projectRoot = "";
			targets = (
				5894585E1DD098F60092037A /* SSRedBackBtnDemo */,
			);
		};
/* End PBXProject section */

/* Begin PBXResourcesBuildPhase section */
		5894585D1DD098F60092037A /* Resources */ = {
			isa = PBXResourcesBuildPhase;
			buildActionMask = 2147483647;
			files = (
				589458721DD098F60092037A /* LaunchScreen.storyboard in Resources */,
				5894586F1DD098F60092037A /* Assets.xcassets in Resources */,
				5894586D1DD098F60092037A /* Main.storyboard in Resources */,
			);
			runOnlyForDeploymentPostprocessing = 0;
		};
/* End PBXResourcesBuildPhase section */

/* Begin PBXSourcesBuildPhase section */
		5894585B1DD098F60092037A /* Sources */ = {
			isa = PBXSourcesBuildPhase;
			buildActionMask = 2147483647;
			files = (
				5894586A1DD098F60092037A /* ViewController.m in Sources */,
				589458671DD098F60092037A /* AppDelegate.m in Sources */,
				589458641DD098F60092037A /* main.m in Sources */,
				5894587B1DD099040092037A /* SSRedBackBtn.m in Sources */,
			);
			runOnlyForDeploymentPostprocessing = 0;
		};
/* End PBXSourcesBuildPhase section */

/* Begin PBXVariantGroup section */
		5894586B1DD098F60092037A /* Main.storyboard */ = {
			isa = PBXVariantGroup;
			children = (
				5894586C1DD098F60092037A /* Base */,
			);
			name = Main.storyboard;
			sourceTree = "<group>";
		};
		589458701DD098F60092037A /* LaunchScreen.storyboard */ = {
			isa = PBXVariantGroup;
			children = (
				589458711DD098F60092037A /* Base */,
			);
			name = LaunchScreen.storyboard;
			sourceTree = "<group>";
		};
/* End PBXVariantGroup section */

/* Begin XCBuildConfiguration section */
		589458741DD098F60092037A /* Debug */ = {
			isa = XCBuildConfiguration;
			buildSettings = {
				ALWAYS_SEARCH_USER_PATHS = NO;
				CLANG_ANALYZER_NONNULL = YES;
				CLANG_CXX_LANGUAGE_STANDARD = "gnu++0x";
				CLANG_CXX_LIBRARY = "libc++";
				CLANG_ENABLE_MODULES = YES;
				CLANG_ENABLE_OBJC_ARC = YES;
				CLANG_WARN_BOOL_CONVERSION = YES;
				CLANG_WARN_CONSTANT_CONVERSION = YES;
				CLANG_WARN_DIRECT_OBJC_ISA_USAGE = YES_ERROR;
				CLANG_WARN_DOCUMENTATION_COMMENTS = YES;
				CLANG_WARN_EMPTY_BODY = YES;
				CLANG_WARN_ENUM_CONVERSION = YES;
				CLANG_WARN_INFINITE_RECURSION = YES;
				CLANG_WARN_INT_CONVERSION = YES;
				CLANG_WARN_OBJC_ROOT_CLASS = YES_ERROR;
				CLANG_WARN_SUSPICIOUS_MOVES = YES;
				CLANG_WARN_UNREACHABLE_CODE = YES;
				CLANG_WARN__DUPLICATE_METHOD_MATCH = YES;
				"CODE_SIGN_IDENTITY[sdk=iphoneos*]" = "iPhone Developer";
				COPY_PHASE_STRIP = NO;
				DEBUG_INFORMATION_FORMAT = dwarf;
				ENABLE_STRICT_OBJC_MSGSEND = YES;
				ENABLE_TESTABILITY = YES;
				GCC_C_LANGUAGE_STANDARD = gnu99;
				GCC_DYNAMIC_NO_PIC = NO;
				GCC_NO_COMMON_BLOCKS = YES;
				GCC_OPTIMIZATION_LEVEL = 0;
				GCC_PREPROCESSOR_DEFINITIONS = (
					"DEBUG=1",
					"$(inherited)",
				);
				GCC_WARN_64_TO_32_BIT_CONVERSION = YES;
				GCC_WARN_ABOUT_RETURN_TYPE = YES_ERROR;
				GCC_WARN_UNDECLARED_SELECTOR = YES;
				GCC_WARN_UNINITIALIZED_AUTOS = YES_AGGRESSIVE;
				GCC_WARN_UNUSED_FUNCTION = YES;
				GCC_WARN_UNUSED_VARIABLE = YES;
				IPHONEOS_DEPLOYMENT_TARGET = 10.0;
				MTL_ENABLE_DEBUG_INFO = YES;
				ONLY_ACTIVE_ARCH = YES;
				SDKROOT = iphoneos;
				TARGETED_DEVICE_FAMILY = "1,2";
			};
			name = Debug;
		};
		589458751DD098F60092037A /* Release */ = {
			isa = XCBuildConfiguration;
			buildSettings = {
				ALWAYS_SEARCH_USER_PATHS = NO;
				CLANG_ANALYZER_NONNULL = YES;
				CLANG_CXX_LANGUAGE_STANDARD = "gnu++0x";
				CLANG_CXX_LIBRARY = "libc++";
				CLANG_ENABLE_MODULES = YES;
				CLANG_ENABLE_OBJC_ARC = YES;
				CLANG_WARN_BOOL_CONVERSION = YES;
				CLANG_WARN_CONSTANT_CONVERSION = YES;
				CLANG_WARN_DIRECT_OBJC_ISA_USAGE = YES_ERROR;
				CLANG_WARN_DOCUMENTATION_COMMENTS = YES;
				CLANG_WARN_EMPTY_BODY = YES;
				CLANG_WARN_ENUM_CONVERSION = YES;
				CLANG_WARN_INFINITE_RECURSION = YES;
				CLANG_WARN_INT_CONVERSION = YES;
				CLANG_WARN_OBJC_ROOT_CLASS = YES_ERROR;
				CLANG_WARN_SUSPICIOUS_MOVES = YES;
				CLANG_WARN_UNREACHABLE_CODE = YES;
				CLANG_WARN__DUPLICATE_METHOD_MATCH = YES;
				"CODE_SIGN_IDENTITY[sdk=iphoneos*]" = "iPhone Developer";
				COPY_PHASE_STRIP = NO;
				DEBUG_INFORMATION_FORMAT = "dwarf-with-dsym";
				ENABLE_NS_ASSERTIONS = NO;
				ENABLE_STRICT_OBJC_MSGSEND = YES;
				GCC_C_LANGUAGE_STANDARD = gnu99;
				GCC_NO_COMMON_BLOCKS = YES;
				GCC_WARN_64_TO_32_BIT_CONVERSION = YES;
				GCC_WARN_ABOUT_RETURN_TYPE = YES_ERROR;
				GCC_WARN_UNDECLARED_SELECTOR = YES;
				GCC_WARN_UNINITIALIZED_AUTOS = YES_AGGRESSIVE;
				GCC_WARN_UNUSED_FUNCTION = YES;
				GCC_WARN_UNUSED_VARIABLE = YES;
				IPHONEOS_DEPLOYMENT_TARGET = 10.0;
				MTL_ENABLE_DEBUG_INFO = NO;
				SDKROOT = iphoneos;
				TARGETED_DEVICE_FAMILY = "1,2";
				VALIDATE_PRODUCT = YES;
			};
			name = Release;
		};
		589458771DD098F60092037A /* Debug */ = {
			isa = XCBuildConfiguration;
			buildSettings = {
				ASSETCATALOG_COMPILER_APPICON_NAME = AppIcon;
				INFOPLIST_FILE = SSRedBackBtnDemo/Info.plist;
				LD_RUNPATH_SEARCH_PATHS = "$(inherited) @executable_path/Frameworks";
				PRODUCT_BUNDLE_IDENTIFIER = com.bfmxjy.SSRedBackBtnDemo;
				PRODUCT_NAME = "$(TARGET_NAME)";
			};
			name = Debug;
		};
		589458781DD098F60092037A /* Release */ = {
			isa = XCBuildConfiguration;
			buildSettings = {
				ASSETCATALOG_COMPILER_APPICON_NAME = AppIcon;
				INFOPLIST_FILE = SSRedBackBtnDemo/Info.plist;
				LD_RUNPATH_SEARCH_PATHS = "$(inherited) @executable_path/Frameworks";
				PRODUCT_BUNDLE_IDENTIFIER = com.bfmxjy.SSRedBackBtnDemo;
				PRODUCT_NAME = "$(TARGET_NAME)";
			};
			name = Release;
		};
/* End XCBuildConfiguration section */

/* Begin XCConfigurationList section */
		5894585A1DD098F60092037A /* Build configuration list for PBXProject "SSRedBackBtnDemo" */ = {
			isa = XCConfigurationList;
			buildConfigurations = (
				589458741DD098F60092037A /* Debug */,
				589458751DD098F60092037A /* Release */,
			);
			defaultConfigurationIsVisible = 0;
			defaultConfigurationName = Release;
		};
		589458761DD098F60092037A /* Build configuration list for PBXNativeTarget "SSRedBackBtnDemo" */ = {
			isa = XCConfigurationList;
			buildConfigurations = (
				589458771DD098F60092037A /* Debug */,
				589458781DD098F60092037A /* Release */,
			);
			defaultConfigurationIsVisible = 0;
		};
/* End XCConfigurationList section */
	};
	rootObject = 589458571DD098F60092037A /* Project object */;
}
